
Microsoft Visual Studio Solution File, Format Version 12.00
# Visual Studio 15
VisualStudioVersion = 15.0.28307.572
MinimumVisualStudioVersion = 10.0.40219.1
Project("{FAE04EC0-301F-11D3-BF4B-00C04F79EFBC}") = "PhotoWebsite", "PhotoWebsite\PhotoWebsite.csproj", "{17000701-6055-4FA7-B69D-78D28DF2ED64}"
EndProject
Global
	GlobalSection(SolutionConfigurationPlatforms) = preSolution
		Debug|Any CPU = Debug|Any CPU
		Release|Any CPU = Release|Any CPU
	EndGlobalSection
	GlobalSection(ProjectConfigurationPlatforms) = postSolution
		{17000701-6055-4FA7-B69D-78D28DF2ED64}.Debug|Any CPU.ActiveCfg = Debug|Any CPU
		{17000701-6055-4FA7-B69D-78D28DF2ED64}.Debug|Any CPU.Build.0 = Debug|Any CPU
		{17000701-6055-4FA7-B69D-78D28DF2ED64}.Release|Any CPU.ActiveCfg = Release|Any CPU
		{17000701-6055-4FA7-B69D-78D28DF2ED64}.Release|Any CPU.Build.0 = Release|Any CPU
	EndGlobalSection
	GlobalSection(SolutionProperties) = preSolution
		HideSolutionNode = FALSE
	EndGlobalSection
	GlobalSection(ExtensibilityGlobals) = postSolution
		SolutionGuid = {A8B4A520-DB07-4E9C-8AE1-BD4B35F31D9A}
	EndGlobalSection
EndGlobal
